# THIS IS AN AUTOGENERATED FILE. DO NOT EDIT THIS FILE DIRECTLY.
# yarn lockfile v1


bs-platform@^8.3.0:
  version "8.3.0"
  resolved "https://registry.yarnpkg.com/bs-platform/-/bs-platform-8.3.0.tgz#85e458d61dcbcbc78391051616cc2333d3e975f8"
  integrity sha512-E/Yj3mbEnALkFKrHX4vU+GkLe2eIG7/bVWgNJZxO6/EqRkIimIoClPTG6MN30gwxVBRARLyHEJDXcQQ71MaUSQ==

reason-react-native@^0.62.3:
  version "0.62.3"
  resolved "https://registry.yarnpkg.com/reason-react-native/-/reason-react-native-0.62.3.tgz#a2653e735b5a006c7efcb20dcdf0e2ebe922cf8f"
  integrity sha512-PA//0AZVVEB8iJKjYxOoFarXrMhhr7H++k9n7SmwVNy+XeUtwCiTIytqi29dCILtfNieHfT7+WTPpEzg2koOBg==

reason-react@^0.9.1:
  version "0.9.1"
  resolved "https://registry.yarnpkg.com/reason-react/-/reason-react-0.9.1.tgz#30a887158200b659aa03e2d75ff4cc54dc462bb0"
  integrity sha512-nlH0O2TDy9KzOLOW+vlEQk4ExHOeciyzFdoLcsmmiit6hx6H5+CVDrwJ+8aiaLT/kqK5xFOjy4PS7PftWz4plA==
